
Microsoft Visual Studio Solution File, Format Version 12.00
# Visual Studio 15
VisualStudioVersion = 15.0.28307.168
MinimumVisualStudioVersion = 10.0.40219.1
Project("{FAE04EC0-301F-11D3-BF4B-00C04F79EFBC}") = "730319_732152", "730319_732152\730319_732152.csproj", "{CA4802FE-D84D-4EF7-A984-25AA1A414F91}"
EndProject
Global
	GlobalSection(SolutionConfigurationPlatforms) = preSolution
		Debug|Any CPU = Debug|Any CPU
		Release|Any CPU = Release|Any CPU
	EndGlobalSection
	GlobalSection(ProjectConfigurationPlatforms) = postSolution
		{CA4802FE-D84D-4EF7-A984-25AA1A414F91}.Debug|Any CPU.ActiveCfg = Debug|Any CPU
		{CA4802FE-D84D-4EF7-A984-25AA1A414F91}.Debug|Any CPU.Build.0 = Debug|Any CPU
		{CA4802FE-D84D-4EF7-A984-25AA1A414F91}.Release|Any CPU.ActiveCfg = Release|Any CPU
		{CA4802FE-D84D-4EF7-A984-25AA1A414F91}.Release|Any CPU.Build.0 = Release|Any CPU
	EndGlobalSection
	GlobalSection(SolutionProperties) = preSolution
		HideSolutionNode = FALSE
	EndGlobalSection
	GlobalSection(ExtensibilityGlobals) = postSolution
		SolutionGuid = {5445CF08-8DEE-4850-8ADF-185F7C7B8D57}
	EndGlobalSection
EndGlobal
